// !$*UTF8*$!
{
	archiveVersion = 1;
	classes = {
	};
	objectVersion = 46;
	objects = {

/* Begin PBXBuildFile section */
		9A038C7A1E6CA50B00559A1E /* RealmSaveNoteInteractor.swift in Sources */ = {isa = PBXBuildFile; fileRef = 9A038C781E6CA50B00559A1E /* RealmSaveNoteInteractor.swift */; };
		9A038C7B1E6CA50B00559A1E /* SaveNoteInteractorProtocol.swift in Sources */ = {isa = PBXBuildFile; fileRef = 9A038C791E6CA50B00559A1E /* SaveNoteInteractorProtocol.swift */; };
		9A038C801E6CD1BD00559A1E /* HistoryTableViewCell.swift in Sources */ = {isa = PBXBuildFile; fileRef = 9A038C7E1E6CD1BD00559A1E /* HistoryTableViewCell.swift */; };
		9A038C811E6CD1BD00559A1E /* HistoryTableViewCell.xib in Resources */ = {isa = PBXBuildFile; fileRef = 9A038C7F1E6CD1BD00559A1E /* HistoryTableViewCell.xib */; };
		9A038C841E6CD59D00559A1E /* HistoryTableViewCellModel.swift in Sources */ = {isa = PBXBuildFile; fileRef = 9A038C831E6CD59D00559A1E /* HistoryTableViewCellModel.swift */; };
		9A19B12F1E6B6D91000229B9 /* DatePickerViewController.swift in Sources */ = {isa = PBXBuildFile; fileRef = 9A19B12E1E6B6D91000229B9 /* DatePickerViewController.swift */; };
		9A19B1331E6B6F4C000229B9 /* DateCollectionViewCell.swift in Sources */ = {isa = PBXBuildFile; fileRef = 9A19B1301E6B6F4C000229B9 /* DateCollectionViewCell.swift */; };
		9A19B1341E6B6F4C000229B9 /* DateTimePicker.swift in Sources */ = {isa = PBXBuildFile; fileRef = 9A19B1311E6B6F4C000229B9 /* DateTimePicker.swift */; };
		9A19B1351E6B6F4C000229B9 /* StepCollectionViewFlowLayout.swift in Sources */ = {isa = PBXBuildFile; fileRef = 9A19B1321E6B6F4C000229B9 /* StepCollectionViewFlowLayout.swift */; };
		9A19B1391E6C5848000229B9 /* DatePickerViewProtocol.swift in Sources */ = {isa = PBXBuildFile; fileRef = 9A19B1381E6C5848000229B9 /* DatePickerViewProtocol.swift */; };
		9A19B13F1E6C99AF000229B9 /* RealmNote.swift in Sources */ = {isa = PBXBuildFile; fileRef = 9A19B13E1E6C99AF000229B9 /* RealmNote.swift */; };
		9A19B1421E6CA43A000229B9 /* RealmSaveNoteInteractorAssemlby.swift in Sources */ = {isa = PBXBuildFile; fileRef = 9A19B1411E6CA43A000229B9 /* RealmSaveNoteInteractorAssemlby.swift */; };
		9A2D34131E74AAB700419FC1 /* HistoryNotesInteracotProtocol.swift in Sources */ = {isa = PBXBuildFile; fileRef = 9A2D34121E74AAB700419FC1 /* HistoryNotesInteracotProtocol.swift */; };
		9A2D34151E74AB6200419FC1 /* RealmHistoryNotesInteracot.swift in Sources */ = {isa = PBXBuildFile; fileRef = 9A2D34141E74AB6200419FC1 /* RealmHistoryNotesInteracot.swift */; };
		9A2D34191E74BA9000419FC1 /* FetchRealmNoteService.swift in Sources */ = {isa = PBXBuildFile; fileRef = 9A2D34181E74BA9000419FC1 /* FetchRealmNoteService.swift */; };
		9A2D341B1E74BC6B00419FC1 /* FetchRealmNoteServiceTest.swift in Sources */ = {isa = PBXBuildFile; fileRef = 9A2D341A1E74BC6B00419FC1 /* FetchRealmNoteServiceTest.swift */; };
		9A2D341D1E75908700419FC1 /* RealmResult+Paging.swift in Sources */ = {isa = PBXBuildFile; fileRef = 9A2D341C1E75908700419FC1 /* RealmResult+Paging.swift */; };
		9A2D341F1E759AFF00419FC1 /* RealmResult+PagingTest.swift in Sources */ = {isa = PBXBuildFile; fileRef = 9A2D341E1E759AFF00419FC1 /* RealmResult+PagingTest.swift */; };
		9A2D34221E75B2C900419FC1 /* RealmTodayNotesInteractor.swift in Sources */ = {isa = PBXBuildFile; fileRef = 9A2D34211E75B2C900419FC1 /* RealmTodayNotesInteractor.swift */; };
		9A2D34241E75B31800419FC1 /* TodayNotesInteractorProtocol.swift in Sources */ = {isa = PBXBuildFile; fileRef = 9A2D34231E75B31800419FC1 /* TodayNotesInteractorProtocol.swift */; };
		9A3DC91F1E671B15005573BD /* AppDelegate.swift in Sources */ = {isa = PBXBuildFile; fileRef = 9A3DC91E1E671B15005573BD /* AppDelegate.swift */; };
		9A3DC9241E671B15005573BD /* Main.storyboard in Resources */ = {isa = PBXBuildFile; fileRef = 9A3DC9221E671B15005573BD /* Main.storyboard */; };
		9A3DC9261E671B15005573BD /* Assets.xcassets in Resources */ = {isa = PBXBuildFile; fileRef = 9A3DC9251E671B15005573BD /* Assets.xcassets */; };
		9A3DC9291E671B15005573BD /* LaunchScreen.storyboard in Resources */ = {isa = PBXBuildFile; fileRef = 9A3DC9271E671B15005573BD /* LaunchScreen.storyboard */; };
		9A3DC9491E671DDA005573BD /* ControllersForTabBarAssembly.swift in Sources */ = {isa = PBXBuildFile; fileRef = 9A3DC9461E671DDA005573BD /* ControllersForTabBarAssembly.swift */; };
		9A3DC94A1E671DDA005573BD /* TabBarControllerAssembly.swift in Sources */ = {isa = PBXBuildFile; fileRef = 9A3DC9471E671DDA005573BD /* TabBarControllerAssembly.swift */; };
		9A3DC94B1E671DDA005573BD /* TabBarItemAssembly.swift in Sources */ = {isa = PBXBuildFile; fileRef = 9A3DC9481E671DDA005573BD /* TabBarItemAssembly.swift */; };
		9A3DC9541E671E6E005573BD /* TabBarController.swift in Sources */ = {isa = PBXBuildFile; fileRef = 9A3DC9531E671E6E005573BD /* TabBarController.swift */; };
		9A3DC9561E671E84005573BD /* HistoryNotesViewCotnroller.swift in Sources */ = {isa = PBXBuildFile; fileRef = 9A3DC9551E671E84005573BD /* HistoryNotesViewCotnroller.swift */; };
		9A3DC9581E671E8D005573BD /* TodayNoteViewController.swift in Sources */ = {isa = PBXBuildFile; fileRef = 9A3DC9571E671E8D005573BD /* TodayNoteViewController.swift */; };
		9A3DC95C1E671EAB005573BD /* NibOwner.swift in Sources */ = {isa = PBXBuildFile; fileRef = 9A3DC95A1E671EAB005573BD /* NibOwner.swift */; };
		9A3DC95D1E671EAB005573BD /* ReusableView.swift in Sources */ = {isa = PBXBuildFile; fileRef = 9A3DC95B1E671EAB005573BD /* ReusableView.swift */; };
		9A3DC9601E671EC2005573BD /* EmptyView.swift in Sources */ = {isa = PBXBuildFile; fileRef = 9A3DC95E1E671EC2005573BD /* EmptyView.swift */; };
		9A3DC9611E671EC2005573BD /* EmptyView.xib in Resources */ = {isa = PBXBuildFile; fileRef = 9A3DC95F1E671EC2005573BD /* EmptyView.xib */; };
		9A3DC9641E671ED7005573BD /* EmptyViewDataSourceDelegate.swift in Sources */ = {isa = PBXBuildFile; fileRef = 9A3DC9631E671ED7005573BD /* EmptyViewDataSourceDelegate.swift */; };
		9A3DC9681E671F43005573BD /* TableView+Register.swift in Sources */ = {isa = PBXBuildFile; fileRef = 9A3DC9671E671F43005573BD /* TableView+Register.swift */; };
		9A3DC96C1E671F64005573BD /* Note.swift in Sources */ = {isa = PBXBuildFile; fileRef = 9A3DC96B1E671F64005573BD /* Note.swift */; };
		9A3DC96F1E677C01005573BD /* StoryboardAssembly.swift in Sources */ = {isa = PBXBuildFile; fileRef = 9A3DC96E1E677C01005573BD /* StoryboardAssembly.swift */; };
		9A3DC9721E677DC9005573BD /* EmptyTableViewDelegateAssembly.swift in Sources */ = {isa = PBXBuildFile; fileRef = 9A3DC9711E677DC9005573BD /* EmptyTableViewDelegateAssembly.swift */; };
		9A3DC9751E678B46005573BD /* XibLoadeblView.swift in Sources */ = {isa = PBXBuildFile; fileRef = 9A3DC9741E678B46005573BD /* XibLoadeblView.swift */; };
		9A7A7E761E7374E900155FEE /* Paging.swift in Sources */ = {isa = PBXBuildFile; fileRef = 9A7A7E751E7374E900155FEE /* Paging.swift */; };
		9AA5C5C31E6B54530013C866 /* AddNoteViewController.swift in Sources */ = {isa = PBXBuildFile; fileRef = 9AA5C5C21E6B54530013C866 /* AddNoteViewController.swift */; };
		B12AFAAF1E81882B007D432C /* SaveRealmNoteService.swift in Sources */ = {isa = PBXBuildFile; fileRef = B12AFAAE1E81882B007D432C /* SaveRealmNoteService.swift */; };
		B14B04811E82E25000346522 /* SelectCategoryViewController.swift in Sources */ = {isa = PBXBuildFile; fileRef = B14B04801E82E25000346522 /* SelectCategoryViewController.swift */; };
		B181BA8B1E79A55200BAEE5D /* RefreshableView.swift in Sources */ = {isa = PBXBuildFile; fileRef = B181BA8A1E79A55200BAEE5D /* RefreshableView.swift */; };
		B184F2051E89448300969AC6 /* HistoryTableViewModel.swift in Sources */ = {isa = PBXBuildFile; fileRef = B184F2041E89448300969AC6 /* HistoryTableViewModel.swift */; };
		B184F2091E8952DF00969AC6 /* HistoryTableViewHeaderModel.swift in Sources */ = {isa = PBXBuildFile; fileRef = B184F2081E8952DF00969AC6 /* HistoryTableViewHeaderModel.swift */; };
		B184F20C1E89598F00969AC6 /* ViewAnimatorProtocol.swift in Sources */ = {isa = PBXBuildFile; fileRef = B184F20B1E89598F00969AC6 /* ViewAnimatorProtocol.swift */; };
		B184F20E1E895A5100969AC6 /* TableViewBottomBounceAnimator.swift in Sources */ = {isa = PBXBuildFile; fileRef = B184F20D1E895A5100969AC6 /* TableViewBottomBounceAnimator.swift */; };
		B184F2111E89672D00969AC6 /* RealmHistoryNotesInteracotAssembly.swift in Sources */ = {isa = PBXBuildFile; fileRef = B184F2101E89672D00969AC6 /* RealmHistoryNotesInteracotAssembly.swift */; };
		B184F2141E89680300969AC6 /* TableViewAnimatorAssembly.swift in Sources */ = {isa = PBXBuildFile; fileRef = B184F2131E89680300969AC6 /* TableViewAnimatorAssembly.swift */; };
		B184F2161E8A822D00969AC6 /* HistoryTableViewHeader.xib in Resources */ = {isa = PBXBuildFile; fileRef = B184F2151E8A822D00969AC6 /* HistoryTableViewHeader.xib */; };
		B184F2181E8A823F00969AC6 /* HistoryTableViewHeader.swift in Sources */ = {isa = PBXBuildFile; fileRef = B184F2171E8A823F00969AC6 /* HistoryTableViewHeader.swift */; };
		B184F21A1E8A995F00969AC6 /* TableView+VisibleHeaders.swift in Sources */ = {isa = PBXBuildFile; fileRef = B184F2191E8A995F00969AC6 /* TableView+VisibleHeaders.swift */; };
		B18D02881E8D58E7007E539F /* NoteViewController.swift in Sources */ = {isa = PBXBuildFile; fileRef = B18D02871E8D58E7007E539F /* NoteViewController.swift */; };
		B18D028A1E8D5B6D007E539F /* HistoryModuleAssembly.swift in Sources */ = {isa = PBXBuildFile; fileRef = B18D02891E8D5B6D007E539F /* HistoryModuleAssembly.swift */; };
		B18D028C1E8D5B8E007E539F /* TodayModuleAssembly.swift in Sources */ = {isa = PBXBuildFile; fileRef = B18D028B1E8D5B8E007E539F /* TodayModuleAssembly.swift */; };
		B18D028E1E8D5BA9007E539F /* CategoryPickerModuleAssembly.swift in Sources */ = {isa = PBXBuildFile; fileRef = B18D028D1E8D5BA9007E539F /* CategoryPickerModuleAssembly.swift */; };
		B18D02901E8D5BCB007E539F /* DatePickerModuleAssembly.swift in Sources */ = {isa = PBXBuildFile; fileRef = B18D028F1E8D5BCB007E539F /* DatePickerModuleAssembly.swift */; };
		B18D02921E8D5BE8007E539F /* AddNoteModuleAssembly.swift in Sources */ = {isa = PBXBuildFile; fileRef = B18D02911E8D5BE8007E539F /* AddNoteModuleAssembly.swift */; };
		B18D02961E8D5C52007E539F /* NoteViewControllerAssembly.swift in Sources */ = {isa = PBXBuildFile; fileRef = B18D02951E8D5C52007E539F /* NoteViewControllerAssembly.swift */; };
		B1D6E5CB1E84450200D4739C /* CategoryCollectionViewCell.swift in Sources */ = {isa = PBXBuildFile; fileRef = B1D6E5C91E84450200D4739C /* CategoryCollectionViewCell.swift */; };
		B1D6E5CC1E84450200D4739C /* CategoryCollectionViewCell.xib in Resources */ = {isa = PBXBuildFile; fileRef = B1D6E5CA1E84450200D4739C /* CategoryCollectionViewCell.xib */; };
		B1D6E5CE1E84490B00D4739C /* CategoryCollectionViewCellModel.swift in Sources */ = {isa = PBXBuildFile; fileRef = B1D6E5CD1E84490B00D4739C /* CategoryCollectionViewCellModel.swift */; };
		B1D6E5D11E844F2B00D4739C /* Category.swift in Sources */ = {isa = PBXBuildFile; fileRef = B1D6E5D01E844F2B00D4739C /* Category.swift */; };
		B1D6E5D31E844F4B00D4739C /* RealmCategory.swift in Sources */ = {isa = PBXBuildFile; fileRef = B1D6E5D21E844F4B00D4739C /* RealmCategory.swift */; };
		B1D6E5D61E85712700D4739C /* CategoryInteractorProtocol.swift in Sources */ = {isa = PBXBuildFile; fileRef = B1D6E5D51E85712700D4739C /* CategoryInteractorProtocol.swift */; };
		B1D6E5D91E8571EF00D4739C /* Typealiases.swift in Sources */ = {isa = PBXBuildFile; fileRef = B1D6E5D81E8571EF00D4739C /* Typealiases.swift */; };
		B1D6E5DB1E85795B00D4739C /* RealmCategoryInteractor.swift in Sources */ = {isa = PBXBuildFile; fileRef = B1D6E5DA1E85795B00D4739C /* RealmCategoryInteractor.swift */; };
		B1D6E5DD1E8579A000D4739C /* FetchRealmCategoriesService.swift in Sources */ = {isa = PBXBuildFile; fileRef = B1D6E5DC1E8579A000D4739C /* FetchRealmCategoriesService.swift */; };
		B1D6E5DF1E857C5200D4739C /* SaveRealmCategoryService.swift in Sources */ = {isa = PBXBuildFile; fileRef = B1D6E5DE1E857C5200D4739C /* SaveRealmCategoryService.swift */; };
		B1D6E5E11E857F5B00D4739C /* RealmCategoryInteractorAssembly.swift in Sources */ = {isa = PBXBuildFile; fileRef = B1D6E5E01E857F5B00D4739C /* RealmCategoryInteractorAssembly.swift */; };
		B92B1B51A67642D4E5A59551 /* Pods_PlanningBookTests.framework in Frameworks */ = {isa = PBXBuildFile; fileRef = 30333F03AAB39210A308DF46 /* Pods_PlanningBookTests.framework */; };
		F199DCFFFA8CB602F5A25ADB /* Pods_PlanningBook.framework in Frameworks */ = {isa = PBXBuildFile; fileRef = D9F0FAAEA287D05A211334D8 /* Pods_PlanningBook.framework */; };
/* End PBXBuildFile section */

/* Begin PBXContainerItemProxy section */
		9A3DC9301E671B15005573BD /* PBXContainerItemProxy */ = {
			isa = PBXContainerItemProxy;
			containerPortal = 9A3DC9131E671B15005573BD /* Project object */;
			proxyType = 1;
			remoteGlobalIDString = 9A3DC91A1E671B15005573BD;
			remoteInfo = PlanningBook;
		};
/* End PBXContainerItemProxy section */

/* Begin PBXFileReference section */
		1536CFFEE0F72875669FD01D /* Pods-PlanningBook.release.xcconfig */ = {isa = PBXFileReference; includeInIndex = 1; lastKnownFileType = text.xcconfig; name = "Pods-PlanningBook.release.xcconfig"; path = "Pods/Target Support Files/Pods-PlanningBook/Pods-PlanningBook.release.xcconfig"; sourceTree = "<group>"; };
		30333F03AAB39210A308DF46 /* Pods_PlanningBookTests.framework */ = {isa = PBXFileReference; explicitFileType = wrapper.framework; includeInIndex = 0; path = Pods_PlanningBookTests.framework; sourceTree = BUILT_PRODUCTS_DIR; };
		7E36AD991DCFC27BDDF1E101 /* Pods-PlanningBookTests.release.xcconfig */ = {isa = PBXFileReference; includeInIndex = 1; lastKnownFileType = text.xcconfig; name = "Pods-PlanningBookTests.release.xcconfig"; path = "Pods/Target Support Files/Pods-PlanningBookTests/Pods-PlanningBookTests.release.xcconfig"; sourceTree = "<group>"; };
		9A038C781E6CA50B00559A1E /* RealmSaveNoteInteractor.swift */ = {isa = PBXFileReference; fileEncoding = 4; lastKnownFileType = sourcecode.swift; name = RealmSaveNoteInteractor.swift; path = BSLayer/Interactor/SaveNoteInteractor/RealmSaveNoteInteractor.swift; sourceTree = "<group>"; };
		9A038C791E6CA50B00559A1E /* SaveNoteInteractorProtocol.swift */ = {isa = PBXFileReference; fileEncoding = 4; lastKnownFileType = sourcecode.swift; name = SaveNoteInteractorProtocol.swift; path = BSLayer/Interactor/SaveNoteInteractor/SaveNoteInteractorProtocol.swift; sourceTree = "<group>"; };
		9A038C7E1E6CD1BD00559A1E /* HistoryTableViewCell.swift */ = {isa = PBXFileReference; fileEncoding = 4; lastKnownFileType = sourcecode.swift; name = HistoryTableViewCell.swift; path = UILayer/Cell/TableViewCell/HistoryTableViewCell/HistoryTableViewCell.swift; sourceTree = "<group>"; };
		9A038C7F1E6CD1BD00559A1E /* HistoryTableViewCell.xib */ = {isa = PBXFileReference; fileEncoding = 4; lastKnownFileType = file.xib; name = HistoryTableViewCell.xib; path = UILayer/Cell/TableViewCell/HistoryTableViewCell/HistoryTableViewCell.xib; sourceTree = "<group>"; };
		9A038C831E6CD59D00559A1E /* HistoryTableViewCellModel.swift */ = {isa = PBXFileReference; fileEncoding = 4; lastKnownFileType = sourcecode.swift; name = HistoryTableViewCellModel.swift; path = UILayer/Cell/TableViewCell/HistoryTableViewCell/HistoryTableViewCellModel.swift; sourceTree = "<group>"; };
		9A19B12E1E6B6D91000229B9 /* DatePickerViewController.swift */ = {isa = PBXFileReference; fileEncoding = 4; lastKnownFileType = sourcecode.swift; name = DatePickerViewController.swift; path = UILayer/ViewController/DatePickerViewController/DatePickerViewController.swift; sourceTree = "<group>"; };
		9A19B1301E6B6F4C000229B9 /* DateCollectionViewCell.swift */ = {isa = PBXFileReference; fileEncoding = 4; lastKnownFileType = sourcecode.swift; name = DateCollectionViewCell.swift; path = UILayer/ViewController/DatePickerViewController/DateTimePickerView/DateCollectionViewCell.swift; sourceTree = "<group>"; };
		9A19B1311E6B6F4C000229B9 /* DateTimePicker.swift */ = {isa = PBXFileReference; fileEncoding = 4; lastKnownFileType = sourcecode.swift; name = DateTimePicker.swift; path = UILayer/ViewController/DatePickerViewController/DateTimePickerView/DateTimePicker.swift; sourceTree = "<group>"; };
		9A19B1321E6B6F4C000229B9 /* StepCollectionViewFlowLayout.swift */ = {isa = PBXFileReference; fileEncoding = 4; lastKnownFileType = sourcecode.swift; name = StepCollectionViewFlowLayout.swift; path = UILayer/ViewController/DatePickerViewController/DateTimePickerView/StepCollectionViewFlowLayout.swift; sourceTree = "<group>"; };
		9A19B1381E6C5848000229B9 /* DatePickerViewProtocol.swift */ = {isa = PBXFileReference; fileEncoding = 4; lastKnownFileType = sourcecode.swift; name = DatePickerViewProtocol.swift; path = UILayer/ViewController/DatePickerViewController/DatePickerViewProtocol/DatePickerViewProtocol.swift; sourceTree = "<group>"; };
		9A19B13E1E6C99AF000229B9 /* RealmNote.swift */ = {isa = PBXFileReference; fileEncoding = 4; lastKnownFileType = sourcecode.swift; name = RealmNote.swift; path = BSLayer/Model/Note/RealmNote.swift; sourceTree = "<group>"; };
		9A19B1411E6CA43A000229B9 /* RealmSaveNoteInteractorAssemlby.swift */ = {isa = PBXFileReference; fileEncoding = 4; lastKnownFileType = sourcecode.swift; name = RealmSaveNoteInteractorAssemlby.swift; path = BSLayer/Assembly/InteractorAssembly/RealmInteractor/RealmSaveNoteInteractorAssemlby.swift; sourceTree = "<group>"; };
		9A2D34121E74AAB700419FC1 /* HistoryNotesInteracotProtocol.swift */ = {isa = PBXFileReference; fileEncoding = 4; lastKnownFileType = sourcecode.swift; name = HistoryNotesInteracotProtocol.swift; path = BSLayer/Interactor/HistoryNotesInteracot/HistoryNotesInteracotProtocol.swift; sourceTree = "<group>"; };
		9A2D34141E74AB6200419FC1 /* RealmHistoryNotesInteracot.swift */ = {isa = PBXFileReference; fileEncoding = 4; lastKnownFileType = sourcecode.swift; name = RealmHistoryNotesInteracot.swift; path = BSLayer/Interactor/HistoryNotesInteracot/RealmHistoryNotesInteracot.swift; sourceTree = "<group>"; };
		9A2D34181E74BA9000419FC1 /* FetchRealmNoteService.swift */ = {isa = PBXFileReference; fileEncoding = 4; lastKnownFileType = sourcecode.swift; name = FetchRealmNoteService.swift; path = BSLayer/Service/Realm/FetchRealmNoteService.swift; sourceTree = "<group>"; };
		9A2D341A1E74BC6B00419FC1 /* FetchRealmNoteServiceTest.swift */ = {isa = PBXFileReference; fileEncoding = 4; lastKnownFileType = sourcecode.swift; path = FetchRealmNoteServiceTest.swift; sourceTree = "<group>"; };
		9A2D341C1E75908700419FC1 /* RealmResult+Paging.swift */ = {isa = PBXFileReference; fileEncoding = 4; lastKnownFileType = sourcecode.swift; name = "RealmResult+Paging.swift"; path = "BSLayer/Extension/RealmResult+Paging.swift"; sourceTree = "<group>"; };
		9A2D341E1E759AFF00419FC1 /* RealmResult+PagingTest.swift */ = {isa = PBXFileReference; fileEncoding = 4; lastKnownFileType = sourcecode.swift; path = "RealmResult+PagingTest.swift"; sourceTree = "<group>"; };
		9A2D34211E75B2C900419FC1 /* RealmTodayNotesInteractor.swift */ = {isa = PBXFileReference; fileEncoding = 4; lastKnownFileType = sourcecode.swift; name = RealmTodayNotesInteractor.swift; path = BSLayer/Interactor/TodayNotesInteractor/RealmTodayNotesInteractor.swift; sourceTree = "<group>"; };
		9A2D34231E75B31800419FC1 /* TodayNotesInteractorProtocol.swift */ = {isa = PBXFileReference; fileEncoding = 4; lastKnownFileType = sourcecode.swift; name = TodayNotesInteractorProtocol.swift; path = BSLayer/Interactor/TodayNotesInteractor/TodayNotesInteractorProtocol.swift; sourceTree = "<group>"; };
		9A3DC91B1E671B15005573BD /* PlanningBook.app */ = {isa = PBXFileReference; explicitFileType = wrapper.application; includeInIndex = 0; path = PlanningBook.app; sourceTree = BUILT_PRODUCTS_DIR; };
		9A3DC91E1E671B15005573BD /* AppDelegate.swift */ = {isa = PBXFileReference; lastKnownFileType = sourcecode.swift; path = AppDelegate.swift; sourceTree = "<group>"; };
		9A3DC9231E671B15005573BD /* Base */ = {isa = PBXFileReference; lastKnownFileType = file.storyboard; name = Base; path = Base.lproj/Main.storyboard; sourceTree = "<group>"; };
		9A3DC9251E671B15005573BD /* Assets.xcassets */ = {isa = PBXFileReference; lastKnownFileType = folder.assetcatalog; path = Assets.xcassets; sourceTree = "<group>"; };
		9A3DC9281E671B15005573BD /* Base */ = {isa = PBXFileReference; lastKnownFileType = file.storyboard; name = Base; path = Base.lproj/LaunchScreen.storyboard; sourceTree = "<group>"; };
		9A3DC92A1E671B15005573BD /* Info.plist */ = {isa = PBXFileReference; lastKnownFileType = text.plist.xml; path = Info.plist; sourceTree = "<group>"; };
		9A3DC92F1E671B15005573BD /* PlanningBookTests.xctest */ = {isa = PBXFileReference; explicitFileType = wrapper.cfbundle; includeInIndex = 0; path = PlanningBookTests.xctest; sourceTree = BUILT_PRODUCTS_DIR; };
		9A3DC9351E671B15005573BD /* Info.plist */ = {isa = PBXFileReference; lastKnownFileType = text.plist.xml; path = Info.plist; sourceTree = "<group>"; };
		9A3DC9461E671DDA005573BD /* ControllersForTabBarAssembly.swift */ = {isa = PBXFileReference; fileEncoding = 4; lastKnownFileType = sourcecode.swift; name = ControllersForTabBarAssembly.swift; path = BSLayer/Assembly/TabBarControllerAssembly/ControllersForTabBarAssembly.swift; sourceTree = "<group>"; };
		9A3DC9471E671DDA005573BD /* TabBarControllerAssembly.swift */ = {isa = PBXFileReference; fileEncoding = 4; lastKnownFileType = sourcecode.swift; name = TabBarControllerAssembly.swift; path = BSLayer/Assembly/TabBarControllerAssembly/TabBarControllerAssembly.swift; sourceTree = "<group>"; };
		9A3DC9481E671DDA005573BD /* TabBarItemAssembly.swift */ = {isa = PBXFileReference; fileEncoding = 4; lastKnownFileType = sourcecode.swift; name = TabBarItemAssembly.swift; path = BSLayer/Assembly/TabBarControllerAssembly/TabBarItemAssembly.swift; sourceTree = "<group>"; };
		9A3DC9531E671E6E005573BD /* TabBarController.swift */ = {isa = PBXFileReference; fileEncoding = 4; lastKnownFileType = sourcecode.swift; name = TabBarController.swift; path = UILayer/ViewController/TabBarController/TabBarController.swift; sourceTree = "<group>"; };
		9A3DC9551E671E84005573BD /* HistoryNotesViewCotnroller.swift */ = {isa = PBXFileReference; fileEncoding = 4; lastKnownFileType = sourcecode.swift; name = HistoryNotesViewCotnroller.swift; path = UILayer/ViewController/HistoryNotesViewCotnroller/HistoryNotesViewCotnroller.swift; sourceTree = "<group>"; };
		9A3DC9571E671E8D005573BD /* TodayNoteViewController.swift */ = {isa = PBXFileReference; fileEncoding = 4; lastKnownFileType = sourcecode.swift; name = TodayNoteViewController.swift; path = UILayer/ViewController/TodayNoteViewController/TodayNoteViewController.swift; sourceTree = "<group>"; };
		9A3DC95A1E671EAB005573BD /* NibOwner.swift */ = {isa = PBXFileReference; fileEncoding = 4; lastKnownFileType = sourcecode.swift; name = NibOwner.swift; path = UILayer/Protocol/NibOwner.swift; sourceTree = "<group>"; };
		9A3DC95B1E671EAB005573BD /* ReusableView.swift */ = {isa = PBXFileReference; fileEncoding = 4; lastKnownFileType = sourcecode.swift; name = ReusableView.swift; path = UILayer/Protocol/ReusableView.swift; sourceTree = "<group>"; };
		9A3DC95E1E671EC2005573BD /* EmptyView.swift */ = {isa = PBXFileReference; fileEncoding = 4; lastKnownFileType = sourcecode.swift; name = EmptyView.swift; path = UILayer/EmptyView/EmptyView.swift; sourceTree = "<group>"; };
		9A3DC95F1E671EC2005573BD /* EmptyView.xib */ = {isa = PBXFileReference; fileEncoding = 4; lastKnownFileType = file.xib; name = EmptyView.xib; path = UILayer/EmptyView/EmptyView.xib; sourceTree = "<group>"; };
		9A3DC9631E671ED7005573BD /* EmptyViewDataSourceDelegate.swift */ = {isa = PBXFileReference; fileEncoding = 4; lastKnownFileType = sourcecode.swift; name = EmptyViewDataSourceDelegate.swift; path = UILayer/EmptyView/Delegate/EmptyViewDataSourceDelegate.swift; sourceTree = "<group>"; };
		9A3DC9671E671F43005573BD /* TableView+Register.swift */ = {isa = PBXFileReference; fileEncoding = 4; lastKnownFileType = sourcecode.swift; name = "TableView+Register.swift"; path = "BSLayer/Extension/TableView+Register.swift"; sourceTree = "<group>"; };
		9A3DC96B1E671F64005573BD /* Note.swift */ = {isa = PBXFileReference; fileEncoding = 4; lastKnownFileType = sourcecode.swift; name = Note.swift; path = BSLayer/Model/Note/Note.swift; sourceTree = "<group>"; };
		9A3DC96E1E677C01005573BD /* StoryboardAssembly.swift */ = {isa = PBXFileReference; fileEncoding = 4; lastKnownFileType = sourcecode.swift; name = StoryboardAssembly.swift; path = BSLayer/Assembly/Storyboard/StoryboardAssembly.swift; sourceTree = "<group>"; };
		9A3DC9711E677DC9005573BD /* EmptyTableViewDelegateAssembly.swift */ = {isa = PBXFileReference; fileEncoding = 4; lastKnownFileType = sourcecode.swift; name = EmptyTableViewDelegateAssembly.swift; path = BSLayer/Assembly/ViewControllerAssembly/EmptyTableViewDelegateAssembly.swift; sourceTree = "<group>"; };
		9A3DC9741E678B46005573BD /* XibLoadeblView.swift */ = {isa = PBXFileReference; fileEncoding = 4; lastKnownFileType = sourcecode.swift; name = XibLoadeblView.swift; path = UILayer/XibLaodeblView/XibLoadeblView.swift; sourceTree = "<group>"; };
		9A7A7E751E7374E900155FEE /* Paging.swift */ = {isa = PBXFileReference; fileEncoding = 4; lastKnownFileType = sourcecode.swift; name = Paging.swift; path = BSLayer/Model/Paging/Paging.swift; sourceTree = "<group>"; };
		9AA5C5C21E6B54530013C866 /* AddNoteViewController.swift */ = {isa = PBXFileReference; fileEncoding = 4; lastKnownFileType = sourcecode.swift; name = AddNoteViewController.swift; path = UILayer/ViewController/AddNoteViewController/AddNoteViewController.swift; sourceTree = "<group>"; };
		B12AFAAE1E81882B007D432C /* SaveRealmNoteService.swift */ = {isa = PBXFileReference; fileEncoding = 4; lastKnownFileType = sourcecode.swift; name = SaveRealmNoteService.swift; path = BSLayer/Service/Realm/SaveRealmNoteService.swift; sourceTree = "<group>"; };
		B14B04801E82E25000346522 /* SelectCategoryViewController.swift */ = {isa = PBXFileReference; fileEncoding = 4; lastKnownFileType = sourcecode.swift; name = SelectCategoryViewController.swift; path = UILayer/ViewController/SelectCategoryViewController/SelectCategoryViewController.swift; sourceTree = "<group>"; };
		B181BA8A1E79A55200BAEE5D /* RefreshableView.swift */ = {isa = PBXFileReference; fileEncoding = 4; lastKnownFileType = sourcecode.swift; name = RefreshableView.swift; path = UILayer/Protocol/RefreshableView.swift; sourceTree = "<group>"; };
		B184F2041E89448300969AC6 /* HistoryTableViewModel.swift */ = {isa = PBXFileReference; fileEncoding = 4; lastKnownFileType = sourcecode.swift; name = HistoryTableViewModel.swift; path = UILayer/ViewController/HistoryNotesViewCotnroller/HistoryTableViewModel/HistoryTableViewModel.swift; sourceTree = "<group>"; };
		B184F2081E8952DF00969AC6 /* HistoryTableViewHeaderModel.swift */ = {isa = PBXFileReference; fileEncoding = 4; lastKnownFileType = sourcecode.swift; name = HistoryTableViewHeaderModel.swift; path = UILayer/Cell/TableViewCell/HistoryTableViewCell/Header/HistoryTableViewHeaderModel.swift; sourceTree = "<group>"; };
		B184F20B1E89598F00969AC6 /* ViewAnimatorProtocol.swift */ = {isa = PBXFileReference; fileEncoding = 4; lastKnownFileType = sourcecode.swift; name = ViewAnimatorProtocol.swift; path = UILayer/ViewAnimator/ViewAnimatorProtocol.swift; sourceTree = "<group>"; };
		B184F20D1E895A5100969AC6 /* TableViewBottomBounceAnimator.swift */ = {isa = PBXFileReference; fileEncoding = 4; lastKnownFileType = sourcecode.swift; name = TableViewBottomBounceAnimator.swift; path = UILayer/ViewAnimator/TableViewBottomBounceAnimator.swift; sourceTree = "<group>"; };
		B184F2101E89672D00969AC6 /* RealmHistoryNotesInteracotAssembly.swift */ = {isa = PBXFileReference; fileEncoding = 4; lastKnownFileType = sourcecode.swift; name = RealmHistoryNotesInteracotAssembly.swift; path = BSLayer/Assembly/InteractorAssembly/RealmInteractor/RealmHistoryNotesInteracotAssembly.swift; sourceTree = "<group>"; };
		B184F2131E89680300969AC6 /* TableViewAnimatorAssembly.swift */ = {isa = PBXFileReference; fileEncoding = 4; lastKnownFileType = sourcecode.swift; name = TableViewAnimatorAssembly.swift; path = BSLayer/Assembly/AnimatorAssembly/TableViewAnimatorAssembly.swift; sourceTree = "<group>"; };
		B184F2151E8A822D00969AC6 /* HistoryTableViewHeader.xib */ = {isa = PBXFileReference; fileEncoding = 4; lastKnownFileType = file.xib; name = HistoryTableViewHeader.xib; path = UILayer/Cell/TableViewCell/HistoryTableViewCell/Header/HistoryTableViewHeader.xib; sourceTree = "<group>"; };
		B184F2171E8A823F00969AC6 /* HistoryTableViewHeader.swift */ = {isa = PBXFileReference; fileEncoding = 4; lastKnownFileType = sourcecode.swift; name = HistoryTableViewHeader.swift; path = UILayer/Cell/TableViewCell/HistoryTableViewCell/Header/HistoryTableViewHeader.swift; sourceTree = "<group>"; };
		B184F2191E8A995F00969AC6 /* TableView+VisibleHeaders.swift */ = {isa = PBXFileReference; fileEncoding = 4; lastKnownFileType = sourcecode.swift; name = "TableView+VisibleHeaders.swift"; path = "BSLayer/Extension/TableView+VisibleHeaders.swift"; sourceTree = "<group>"; };
		B18D02871E8D58E7007E539F /* NoteViewController.swift */ = {isa = PBXFileReference; fileEncoding = 4; lastKnownFileType = sourcecode.swift; name = NoteViewController.swift; path = UILayer/ViewController/NoteViewController/NoteViewController.swift; sourceTree = "<group>"; };
		B18D02891E8D5B6D007E539F /* HistoryModuleAssembly.swift */ = {isa = PBXFileReference; fileEncoding = 4; lastKnownFileType = sourcecode.swift; name = HistoryModuleAssembly.swift; path = BSLayer/Assembly/ViewControllerAssembly/HistoryModuleAssembly.swift; sourceTree = "<group>"; };
		B18D028B1E8D5B8E007E539F /* TodayModuleAssembly.swift */ = {isa = PBXFileReference; fileEncoding = 4; lastKnownFileType = sourcecode.swift; name = TodayModuleAssembly.swift; path = BSLayer/Assembly/ViewControllerAssembly/TodayModuleAssembly.swift; sourceTree = "<group>"; };
		B18D028D1E8D5BA9007E539F /* CategoryPickerModuleAssembly.swift */ = {isa = PBXFileReference; fileEncoding = 4; lastKnownFileType = sourcecode.swift; name = CategoryPickerModuleAssembly.swift; path = BSLayer/Assembly/ViewControllerAssembly/CategoryPickerModuleAssembly.swift; sourceTree = "<group>"; };
		B18D028F1E8D5BCB007E539F /* DatePickerModuleAssembly.swift */ = {isa = PBXFileReference; fileEncoding = 4; lastKnownFileType = sourcecode.swift; name = DatePickerModuleAssembly.swift; path = BSLayer/Assembly/ViewControllerAssembly/DatePickerModuleAssembly.swift; sourceTree = "<group>"; };
		B18D02911E8D5BE8007E539F /* AddNoteModuleAssembly.swift */ = {isa = PBXFileReference; fileEncoding = 4; lastKnownFileType = sourcecode.swift; name = AddNoteModuleAssembly.swift; path = BSLayer/Assembly/ViewControllerAssembly/AddNoteModuleAssembly.swift; sourceTree = "<group>"; };
		B18D02951E8D5C52007E539F /* NoteViewControllerAssembly.swift */ = {isa = PBXFileReference; fileEncoding = 4; lastKnownFileType = sourcecode.swift; name = NoteViewControllerAssembly.swift; path = BSLayer/Assembly/ViewControllerAssembly/NoteViewControllerAssembly.swift; sourceTree = "<group>"; };
		B1D6E5C91E84450200D4739C /* CategoryCollectionViewCell.swift */ = {isa = PBXFileReference; fileEncoding = 4; lastKnownFileType = sourcecode.swift; name = CategoryCollectionViewCell.swift; path = UILayer/Cell/CollectionViewCell/CategoryCollectionViewCell/CategoryCollectionViewCell.swift; sourceTree = "<group>"; };
		B1D6E5CA1E84450200D4739C /* CategoryCollectionViewCell.xib */ = {isa = PBXFileReference; fileEncoding = 4; lastKnownFileType = file.xib; name = CategoryCollectionViewCell.xib; path = UILayer/Cell/CollectionViewCell/CategoryCollectionViewCell/CategoryCollectionViewCell.xib; sourceTree = "<group>"; };
		B1D6E5CD1E84490B00D4739C /* CategoryCollectionViewCellModel.swift */ = {isa = PBXFileReference; fileEncoding = 4; lastKnownFileType = sourcecode.swift; name = CategoryCollectionViewCellModel.swift; path = UILayer/Cell/CollectionViewCell/CategoryCollectionViewCell/CategoryCollectionViewCellModel.swift; sourceTree = "<group>"; };
		B1D6E5D01E844F2B00D4739C /* Category.swift */ = {isa = PBXFileReference; fileEncoding = 4; lastKnownFileType = sourcecode.swift; name = Category.swift; path = BSLayer/Model/Category/Category.swift; sourceTree = "<group>"; };
		B1D6E5D21E844F4B00D4739C /* RealmCategory.swift */ = {isa = PBXFileReference; fileEncoding = 4; lastKnownFileType = sourcecode.swift; name = RealmCategory.swift; path = BSLayer/Model/Category/RealmCategory.swift; sourceTree = "<group>"; };
		B1D6E5D51E85712700D4739C /* CategoryInteractorProtocol.swift */ = {isa = PBXFileReference; fileEncoding = 4; lastKnownFileType = sourcecode.swift; name = CategoryInteractorProtocol.swift; path = BSLayer/Interactor/CategoryInteractor/CategoryInteractorProtocol.swift; sourceTree = "<group>"; };
		B1D6E5D81E8571EF00D4739C /* Typealiases.swift */ = {isa = PBXFileReference; fileEncoding = 4; lastKnownFileType = sourcecode.swift; path = Typealiases.swift; sourceTree = "<group>"; };
		B1D6E5DA1E85795B00D4739C /* RealmCategoryInteractor.swift */ = {isa = PBXFileReference; fileEncoding = 4; lastKnownFileType = sourcecode.swift; name = RealmCategoryInteractor.swift; path = BSLayer/Interactor/CategoryInteractor/RealmCategoryInteractor.swift; sourceTree = "<group>"; };
		B1D6E5DC1E8579A000D4739C /* FetchRealmCategoriesService.swift */ = {isa = PBXFileReference; fileEncoding = 4; lastKnownFileType = sourcecode.swift; name = FetchRealmCategoriesService.swift; path = BSLayer/Service/Realm/FetchRealmCategoriesService.swift; sourceTree = "<group>"; };
		B1D6E5DE1E857C5200D4739C /* SaveRealmCategoryService.swift */ = {isa = PBXFileReference; fileEncoding = 4; lastKnownFileType = sourcecode.swift; name = SaveRealmCategoryService.swift; path = BSLayer/Service/Realm/SaveRealmCategoryService.swift; sourceTree = "<group>"; };
		B1D6E5E01E857F5B00D4739C /* RealmCategoryInteractorAssembly.swift */ = {isa = PBXFileReference; fileEncoding = 4; lastKnownFileType = sourcecode.swift; name = RealmCategoryInteractorAssembly.swift; path = BSLayer/Assembly/InteractorAssembly/RealmInteractor/RealmCategoryInteractorAssembly.swift; sourceTree = "<group>"; };
		D9F0FAAEA287D05A211334D8 /* Pods_PlanningBook.framework */ = {isa = PBXFileReference; explicitFileType = wrapper.framework; includeInIndex = 0; path = Pods_PlanningBook.framework; sourceTree = BUILT_PRODUCTS_DIR; };
		E7BDE9773F85116A57D9435E /* Pods-PlanningBook.debug.xcconfig */ = {isa = PBXFileReference; includeInIndex = 1; lastKnownFileType = text.xcconfig; name = "Pods-PlanningBook.debug.xcconfig"; path = "Pods/Target Support Files/Pods-PlanningBook/Pods-PlanningBook.debug.xcconfig"; sourceTree = "<group>"; };
		F4D4521A648209758BE76BE8 /* Pods-PlanningBookTests.debug.xcconfig */ = {isa = PBXFileReference; includeInIndex = 1; lastKnownFileType = text.xcconfig; name = "Pods-PlanningBookTests.debug.xcconfig"; path = "Pods/Target Support Files/Pods-PlanningBookTests/Pods-PlanningBookTests.debug.xcconfig"; sourceTree = "<group>"; };
/* End PBXFileReference section */

/* Begin PBXFrameworksBuildPhase section */
		9A3DC9181E671B15005573BD /* Frameworks */ = {
			isa = PBXFrameworksBuildPhase;
			buildActionMask = 2147483647;
			files = (
				F199DCFFFA8CB602F5A25ADB /* Pods_PlanningBook.framework in Frameworks */,
			);
			runOnlyForDeploymentPostprocessing = 0;
		};
		9A3DC92C1E671B15005573BD /* Frameworks */ = {
			isa = PBXFrameworksBuildPhase;
			buildActionMask = 2147483647;
			files = (
				B92B1B51A67642D4E5A59551 /* Pods_PlanningBookTests.framework in Frameworks */,
			);
			runOnlyForDeploymentPostprocessing = 0;
		};
/* End PBXFrameworksBuildPhase section */

/* Begin PBXGroup section */
		881DDF55A8D0E6AF636BA109 /* Pods */ = {
			isa = PBXGroup;
			children = (
				E7BDE9773F85116A57D9435E /* Pods-PlanningBook.debug.xcconfig */,
				1536CFFEE0F72875669FD01D /* Pods-PlanningBook.release.xcconfig */,
				F4D4521A648209758BE76BE8 /* Pods-PlanningBookTests.debug.xcconfig */,
				7E36AD991DCFC27BDDF1E101 /* Pods-PlanningBookTests.release.xcconfig */,
			);
			name = Pods;
			sourceTree = "<group>";
		};
		8FAF1C3902D3FA2CEA4AF137 /* Frameworks */ = {
			isa = PBXGroup;
			children = (
				D9F0FAAEA287D05A211334D8 /* Pods_PlanningBook.framework */,
				30333F03AAB39210A308DF46 /* Pods_PlanningBookTests.framework */,
			);
			name = Frameworks;
			sourceTree = "<group>";
		};
		9A038C7C1E6CD16A00559A1E /* Cell */ = {
			isa = PBXGroup;
			children = (
				B1D6E5C71E8444B800D4739C /* CollectionViewCell */,
				9A038C7D1E6CD17200559A1E /* TableViewCell */,
			);
			name = Cell;
			sourceTree = "<group>";
		};
		9A038C7D1E6CD17200559A1E /* TableViewCell */ = {
			isa = PBXGroup;
			children = (
				9A038C821E6CD1C500559A1E /* HistoryTableViewCell */,
			);
			name = TableViewCell;
			sourceTree = "<group>";
		};
		9A038C821E6CD1C500559A1E /* HistoryTableViewCell */ = {
			isa = PBXGroup;
			children = (
				B184F2071E8952C300969AC6 /* Header */,
				9A038C831E6CD59D00559A1E /* HistoryTableViewCellModel.swift */,
				9A038C7E1E6CD1BD00559A1E /* HistoryTableViewCell.swift */,
				9A038C7F1E6CD1BD00559A1E /* HistoryTableViewCell.xib */,
			);
			name = HistoryTableViewCell;
			sourceTree = "<group>";
		};
		9A19B12D1E6B6D72000229B9 /* DatePickerViewController */ = {
			isa = PBXGroup;
			children = (
				9A19B1371E6C5825000229B9 /* Protocol */,
				9A19B12E1E6B6D91000229B9 /* DatePickerViewController.swift */,
				9A19B1361E6B6F4F000229B9 /* DateTimePickerView */,
			);
			name = DatePickerViewController;
			sourceTree = "<group>";
		};
		9A19B1361E6B6F4F000229B9 /* DateTimePickerView */ = {
			isa = PBXGroup;
			children = (
				9A19B1321E6B6F4C000229B9 /* StepCollectionViewFlowLayout.swift */,
				9A19B1301E6B6F4C000229B9 /* DateCollectionViewCell.swift */,
				9A19B1311E6B6F4C000229B9 /* DateTimePicker.swift */,
			);
			name = DateTimePickerView;
			sourceTree = "<group>";
		};
		9A19B1371E6C5825000229B9 /* Protocol */ = {
			isa = PBXGroup;
			children = (
				9A19B1381E6C5848000229B9 /* DatePickerViewProtocol.swift */,
			);
			name = Protocol;
			sourceTree = "<group>";
		};
		9A19B13A1E6C9422000229B9 /* Interactor */ = {
			isa = PBXGroup;
			children = (
				B1D6E5D41E8570F000D4739C /* CategoryInteractor */,
				9A2D34201E75B2A600419FC1 /* TodayNotesInteractor */,
				9A2D34111E74AA9800419FC1 /* HistoryNotesInteracot */,
				9A19B13B1E6C9435000229B9 /* SaveNoteInteractor */,
			);
			name = Interactor;
			sourceTree = "<group>";
		};
		9A19B13B1E6C9435000229B9 /* SaveNoteInteractor */ = {
			isa = PBXGroup;
			children = (
				9A038C791E6CA50B00559A1E /* SaveNoteInteractorProtocol.swift */,
				9A038C781E6CA50B00559A1E /* RealmSaveNoteInteractor.swift */,
			);
			name = SaveNoteInteractor;
			sourceTree = "<group>";
		};
		9A19B1401E6CA3E7000229B9 /* InteractorAssembly */ = {
			isa = PBXGroup;
			children = (
				9A19B1431E6CA452000229B9 /* Realm */,
			);
			name = InteractorAssembly;
			sourceTree = "<group>";
		};
		9A19B1431E6CA452000229B9 /* Realm */ = {
			isa = PBXGroup;
			children = (
				9A19B1411E6CA43A000229B9 /* RealmSaveNoteInteractorAssemlby.swift */,
				B1D6E5E01E857F5B00D4739C /* RealmCategoryInteractorAssembly.swift */,
				B184F2101E89672D00969AC6 /* RealmHistoryNotesInteracotAssembly.swift */,
			);
			name = Realm;
			sourceTree = "<group>";
		};
		9A2D34111E74AA9800419FC1 /* HistoryNotesInteracot */ = {
			isa = PBXGroup;
			children = (
				9A2D34121E74AAB700419FC1 /* HistoryNotesInteracotProtocol.swift */,
				9A2D34141E74AB6200419FC1 /* RealmHistoryNotesInteracot.swift */,
			);
			name = HistoryNotesInteracot;
			sourceTree = "<group>";
		};
		9A2D34161E74B9AC00419FC1 /* Service */ = {
			isa = PBXGroup;
			children = (
				9A2D34171E74B9B900419FC1 /* Realm */,
			);
			name = Service;
			sourceTree = "<group>";
		};
		9A2D34171E74B9B900419FC1 /* Realm */ = {
			isa = PBXGroup;
			children = (
				9A2D34181E74BA9000419FC1 /* FetchRealmNoteService.swift */,
				B12AFAAE1E81882B007D432C /* SaveRealmNoteService.swift */,
				B1D6E5DC1E8579A000D4739C /* FetchRealmCategoriesService.swift */,
				B1D6E5DE1E857C5200D4739C /* SaveRealmCategoryService.swift */,
			);
			name = Realm;
			sourceTree = "<group>";
		};
		9A2D34201E75B2A600419FC1 /* TodayNotesInteractor */ = {
			isa = PBXGroup;
			children = (
				9A2D34231E75B31800419FC1 /* TodayNotesInteractorProtocol.swift */,
				9A2D34211E75B2C900419FC1 /* RealmTodayNotesInteractor.swift */,
			);
			name = TodayNotesInteractor;
			sourceTree = "<group>";
		};
		9A3DC9121E671B15005573BD = {
			isa = PBXGroup;
			children = (
				9A3DC91D1E671B15005573BD /* PlanningBook */,
				9A3DC9321E671B15005573BD /* PlanningBookTests */,
				9A3DC91C1E671B15005573BD /* Products */,
				881DDF55A8D0E6AF636BA109 /* Pods */,
				8FAF1C3902D3FA2CEA4AF137 /* Frameworks */,
			);
			sourceTree = "<group>";
		};
		9A3DC91C1E671B15005573BD /* Products */ = {
			isa = PBXGroup;
			children = (
				9A3DC91B1E671B15005573BD /* PlanningBook.app */,
				9A3DC92F1E671B15005573BD /* PlanningBookTests.xctest */,
			);
			name = Products;
			sourceTree = "<group>";
		};
		9A3DC91D1E671B15005573BD /* PlanningBook */ = {
			isa = PBXGroup;
			children = (
				9A3DC9431E671D95005573BD /* BSLayer */,
				9A3DC9421E671D8C005573BD /* UILayer */,
				9A3DC91E1E671B15005573BD /* AppDelegate.swift */,
				9A3DC9221E671B15005573BD /* Main.storyboard */,
				9A3DC9251E671B15005573BD /* Assets.xcassets */,
				9A3DC9271E671B15005573BD /* LaunchScreen.storyboard */,
				9A3DC92A1E671B15005573BD /* Info.plist */,
			);
			path = PlanningBook;
			sourceTree = "<group>";
		};
		9A3DC9321E671B15005573BD /* PlanningBookTests */ = {
			isa = PBXGroup;
			children = (
				9A3DC9351E671B15005573BD /* Info.plist */,
				9A2D341A1E74BC6B00419FC1 /* FetchRealmNoteServiceTest.swift */,
				9A2D341E1E759AFF00419FC1 /* RealmResult+PagingTest.swift */,
			);
			path = PlanningBookTests;
			sourceTree = "<group>";
		};
		9A3DC9421E671D8C005573BD /* UILayer */ = {
			isa = PBXGroup;
			children = (
				B184F20A1E89596400969AC6 /* ViewAnimator */,
				9A038C7C1E6CD16A00559A1E /* Cell */,
				9A3DC9591E671E9F005573BD /* Protocol */,
				9A3DC94E1E671DF3005573BD /* ViewController */,
				9A3DC9731E678B13005573BD /* XibLoadeblView */,
				9A3DC94F1E671DFB005573BD /* EmptyView */,
			);
			name = UILayer;
			sourceTree = "<group>";
		};
		9A3DC9431E671D95005573BD /* BSLayer */ = {
			isa = PBXGroup;
			children = (
				B1D6E5D71E8571E100D4739C /* Common */,
				9A2D34161E74B9AC00419FC1 /* Service */,
				9A19B13A1E6C9422000229B9 /* Interactor */,
				9A3DC9651E671EF2005573BD /* Protocol */,
				9A3DC9691E671F4B005573BD /* Model */,
				9A3DC9661E671EF8005573BD /* Extension */,
				9A3DC9441E671DAB005573BD /* Assembly */,
			);
			name = BSLayer;
			sourceTree = "<group>";
		};
		9A3DC9441E671DAB005573BD /* Assembly */ = {
			isa = PBXGroup;
			children = (
				B184F2121E8967B700969AC6 /* AnimatorAssembly */,
				9A19B1401E6CA3E7000229B9 /* InteractorAssembly */,
				9A3DC9701E677DAE005573BD /* ViewControllerAssembly */,
				9A3DC9451E671DBA005573BD /* TabBarAssebmly */,
				9A3DC96D1E677BD2005573BD /* Storyboard */,
			);
			name = Assembly;
			sourceTree = "<group>";
		};
		9A3DC9451E671DBA005573BD /* TabBarAssebmly */ = {
			isa = PBXGroup;
			children = (
				9A3DC9471E671DDA005573BD /* TabBarControllerAssembly.swift */,
				9A3DC9461E671DDA005573BD /* ControllersForTabBarAssembly.swift */,
				9A3DC9481E671DDA005573BD /* TabBarItemAssembly.swift */,
			);
			name = TabBarAssebmly;
			sourceTree = "<group>";
		};
		9A3DC94E1E671DF3005573BD /* ViewController */ = {
			isa = PBXGroup;
			children = (
				B18D02861E8D58BD007E539F /* NoteViewController */,
				B14B047F1E82E22600346522 /* SelectCategoryViewController */,
				9A19B12D1E6B6D72000229B9 /* DatePickerViewController */,
				9AA5C5C11E6B542E0013C866 /* AddNoteViewController */,
				9A3DC9521E671E58005573BD /* TodayNoteViewController */,
				9A3DC9511E671E4B005573BD /* HistoryNotesViewCotnroller */,
				9A3DC9501E671E3F005573BD /* TabBarController */,
			);
			name = ViewController;
			sourceTree = "<group>";
		};
		9A3DC94F1E671DFB005573BD /* EmptyView */ = {
			isa = PBXGroup;
			children = (
				9A3DC9621E671ECC005573BD /* Delegate */,
				9A3DC95E1E671EC2005573BD /* EmptyView.swift */,
				9A3DC95F1E671EC2005573BD /* EmptyView.xib */,
			);
			name = EmptyView;
			sourceTree = "<group>";
		};
		9A3DC9501E671E3F005573BD /* TabBarController */ = {
			isa = PBXGroup;
			children = (
				9A3DC9531E671E6E005573BD /* TabBarController.swift */,
			);
			name = TabBarController;
			sourceTree = "<group>";
		};
		9A3DC9511E671E4B005573BD /* HistoryNotesViewCotnroller */ = {
			isa = PBXGroup;
			children = (
				B184F2061E89448800969AC6 /* HistoryTableViewModel */,
				9A3DC9551E671E84005573BD /* HistoryNotesViewCotnroller.swift */,
			);
			name = HistoryNotesViewCotnroller;
			sourceTree = "<group>";
		};
		9A3DC9521E671E58005573BD /* TodayNoteViewController */ = {
			isa = PBXGroup;
			children = (
				9A3DC9571E671E8D005573BD /* TodayNoteViewController.swift */,
			);
			name = TodayNoteViewController;
			sourceTree = "<group>";
		};
		9A3DC9591E671E9F005573BD /* Protocol */ = {
			isa = PBXGroup;
			children = (
				9A3DC95A1E671EAB005573BD /* NibOwner.swift */,
				9A3DC95B1E671EAB005573BD /* ReusableView.swift */,
				B181BA8A1E79A55200BAEE5D /* RefreshableView.swift */,
			);
			name = Protocol;
			sourceTree = "<group>";
		};
		9A3DC9621E671ECC005573BD /* Delegate */ = {
			isa = PBXGroup;
			children = (
				9A3DC9631E671ED7005573BD /* EmptyViewDataSourceDelegate.swift */,
			);
			name = Delegate;
			sourceTree = "<group>";
		};
		9A3DC9651E671EF2005573BD /* Protocol */ = {
			isa = PBXGroup;
			children = (
			);
			name = Protocol;
			sourceTree = "<group>";
		};
		9A3DC9661E671EF8005573BD /* Extension */ = {
			isa = PBXGroup;
			children = (
				9A3DC9671E671F43005573BD /* TableView+Register.swift */,
				B184F2191E8A995F00969AC6 /* TableView+VisibleHeaders.swift */,
				9A2D341C1E75908700419FC1 /* RealmResult+Paging.swift */,
			);
			name = Extension;
			sourceTree = "<group>";
		};
		9A3DC9691E671F4B005573BD /* Model */ = {
			isa = PBXGroup;
			children = (
				9A7A7E741E7374D100155FEE /* Paging */,
				B1D6E5CF1E844F0B00D4739C /* Category */,
				9A3DC96A1E671F5C005573BD /* Note */,
			);
			name = Model;
			sourceTree = "<group>";
		};
		9A3DC96A1E671F5C005573BD /* Note */ = {
			isa = PBXGroup;
			children = (
				9A3DC96B1E671F64005573BD /* Note.swift */,
				9A19B13E1E6C99AF000229B9 /* RealmNote.swift */,
			);
			name = Note;
			sourceTree = "<group>";
		};
		9A3DC96D1E677BD2005573BD /* Storyboard */ = {
			isa = PBXGroup;
			children = (
				9A3DC96E1E677C01005573BD /* StoryboardAssembly.swift */,
			);
			name = Storyboard;
			sourceTree = "<group>";
		};
		9A3DC9701E677DAE005573BD /* ViewControllerAssembly */ = {
			isa = PBXGroup;
			children = (
				9A3DC9711E677DC9005573BD /* EmptyTableViewDelegateAssembly.swift */,
				B18D02951E8D5C52007E539F /* NoteViewControllerAssembly.swift */,
				B18D028B1E8D5B8E007E539F /* TodayModuleAssembly.swift */,
				B18D028D1E8D5BA9007E539F /* CategoryPickerModuleAssembly.swift */,
				B18D028F1E8D5BCB007E539F /* DatePickerModuleAssembly.swift */,
				B18D02911E8D5BE8007E539F /* AddNoteModuleAssembly.swift */,
				B18D02891E8D5B6D007E539F /* HistoryModuleAssembly.swift */,
			);
			name = ViewControllerAssembly;
			sourceTree = "<group>";
		};
		9A3DC9731E678B13005573BD /* XibLoadeblView */ = {
			isa = PBXGroup;
			children = (
				9A3DC9741E678B46005573BD /* XibLoadeblView.swift */,
			);
			name = XibLoadeblView;
			sourceTree = "<group>";
		};
		9A7A7E741E7374D100155FEE /* Paging */ = {
			isa = PBXGroup;
			children = (
				9A7A7E751E7374E900155FEE /* Paging.swift */,
			);
			name = Paging;
			sourceTree = "<group>";
		};
		9AA5C5C11E6B542E0013C866 /* AddNoteViewController */ = {
			isa = PBXGroup;
			children = (
				9AA5C5C21E6B54530013C866 /* AddNoteViewController.swift */,
			);
			name = AddNoteViewController;
			sourceTree = "<group>";
		};
		B14B047F1E82E22600346522 /* SelectCategoryViewController */ = {
			isa = PBXGroup;
			children = (
				B14B04801E82E25000346522 /* SelectCategoryViewController.swift */,
			);
			name = SelectCategoryViewController;
			sourceTree = "<group>";
		};
		B184F2061E89448800969AC6 /* HistoryTableViewModel */ = {
			isa = PBXGroup;
			children = (
				B184F2041E89448300969AC6 /* HistoryTableViewModel.swift */,
			);
			name = HistoryTableViewModel;
			sourceTree = "<group>";
		};
		B184F2071E8952C300969AC6 /* Header */ = {
			isa = PBXGroup;
			children = (
				B184F2151E8A822D00969AC6 /* HistoryTableViewHeader.xib */,
				B184F2171E8A823F00969AC6 /* HistoryTableViewHeader.swift */,
				B184F2081E8952DF00969AC6 /* HistoryTableViewHeaderModel.swift */,
			);
			name = Header;
			sourceTree = "<group>";
		};
		B184F20A1E89596400969AC6 /* ViewAnimator */ = {
			isa = PBXGroup;
			children = (
				B184F20B1E89598F00969AC6 /* ViewAnimatorProtocol.swift */,
				B184F20D1E895A5100969AC6 /* TableViewBottomBounceAnimator.swift */,
			);
			name = ViewAnimator;
			sourceTree = "<group>";
		};
		B184F2121E8967B700969AC6 /* AnimatorAssembly */ = {
			isa = PBXGroup;
			children = (
				B184F2131E89680300969AC6 /* TableViewAnimatorAssembly.swift */,
			);
			name = AnimatorAssembly;
			sourceTree = "<group>";
		};
		B18D02861E8D58BD007E539F /* NoteViewController */ = {
			isa = PBXGroup;
			children = (
				B18D02871E8D58E7007E539F /* NoteViewController.swift */,
			);
			name = NoteViewController;
			sourceTree = "<group>";
		};
		B1D6E5C71E8444B800D4739C /* CollectionViewCell */ = {
			isa = PBXGroup;
			children = (
				B1D6E5C81E8444C700D4739C /* CategoryCollectionViewCell */,
			);
			name = CollectionViewCell;
			sourceTree = "<group>";
		};
		B1D6E5C81E8444C700D4739C /* CategoryCollectionViewCell */ = {
			isa = PBXGroup;
			children = (
				B1D6E5CD1E84490B00D4739C /* CategoryCollectionViewCellModel.swift */,
				B1D6E5C91E84450200D4739C /* CategoryCollectionViewCell.swift */,
				B1D6E5CA1E84450200D4739C /* CategoryCollectionViewCell.xib */,
			);
			name = CategoryCollectionViewCell;
			sourceTree = "<group>";
		};
		B1D6E5CF1E844F0B00D4739C /* Category */ = {
			isa = PBXGroup;
			children = (
				B1D6E5D01E844F2B00D4739C /* Category.swift */,
				B1D6E5D21E844F4B00D4739C /* RealmCategory.swift */,
			);
			name = Category;
			sourceTree = "<group>";
		};
		B1D6E5D41E8570F000D4739C /* CategoryInteractor */ = {
			isa = PBXGroup;
			children = (
				B1D6E5D51E85712700D4739C /* CategoryInteractorProtocol.swift */,
				B1D6E5DA1E85795B00D4739C /* RealmCategoryInteractor.swift */,
			);
			name = CategoryInteractor;
			sourceTree = "<group>";
		};
		B1D6E5D71E8571E100D4739C /* Common */ = {
			isa = PBXGroup;
			children = (
				B1D6E5D81E8571EF00D4739C /* Typealiases.swift */,
			);
			name = Common;
			sourceTree = "<group>";
		};
/* End PBXGroup section */

/* Begin PBXNativeTarget section */
		9A3DC91A1E671B15005573BD /* PlanningBook */ = {
			isa = PBXNativeTarget;
			buildConfigurationList = 9A3DC9381E671B15005573BD /* Build configuration list for PBXNativeTarget "PlanningBook" */;
			buildPhases = (
				D8DC592EE36285E1DECBD782 /* [CP] Check Pods Manifest.lock */,
				9A3DC9171E671B15005573BD /* Sources */,
				9A3DC9181E671B15005573BD /* Frameworks */,
				9A3DC9191E671B15005573BD /* Resources */,
				AE0EA02B02044D1ADB743A88 /* [CP] Embed Pods Frameworks */,
				33BD199EE326827069A33AD8 /* [CP] Copy Pods Resources */,
			);
			buildRules = (
			);
			dependencies = (
			);
			name = PlanningBook;
			productName = PlanningBook;
			productReference = 9A3DC91B1E671B15005573BD /* PlanningBook.app */;
			productType = "com.apple.product-type.application";
		};
		9A3DC92E1E671B15005573BD /* PlanningBookTests */ = {
			isa = PBXNativeTarget;
			buildConfigurationList = 9A3DC93B1E671B15005573BD /* Build configuration list for PBXNativeTarget "PlanningBookTests" */;
			buildPhases = (
				659DC230B34FED5257373774 /* [CP] Check Pods Manifest.lock */,
				9A3DC92B1E671B15005573BD /* Sources */,
				9A3DC92C1E671B15005573BD /* Frameworks */,
				9A3DC92D1E671B15005573BD /* Resources */,
				960C2993B83AC2C43DB8CA95 /* [CP] Embed Pods Frameworks */,
				E974860A7BF7C8819E645A4B /* [CP] Copy Pods Resources */,
			);
			buildRules = (
			);
			dependencies = (
				9A3DC9311E671B15005573BD /* PBXTargetDependency */,
			);
			name = PlanningBookTests;
			productName = PlanningBookTests;
			productReference = 9A3DC92F1E671B15005573BD /* PlanningBookTests.xctest */;
			productType = "com.apple.product-type.bundle.unit-test";
		};
/* End PBXNativeTarget section */

/* Begin PBXProject section */
		9A3DC9131E671B15005573BD /* Project object */ = {
			isa = PBXProject;
			attributes = {
				LastSwiftUpdateCheck = 0820;
				LastUpgradeCheck = 0820;
				ORGANIZATIONNAME = "DDi Development";
				TargetAttributes = {
					9A3DC91A1E671B15005573BD = {
						CreatedOnToolsVersion = 8.2.1;
						DevelopmentTeam = 96YMJQ87Y2;
						ProvisioningStyle = Automatic;
					};
					9A3DC92E1E671B15005573BD = {
						CreatedOnToolsVersion = 8.2.1;
						DevelopmentTeam = 96YMJQ87Y2;
						ProvisioningStyle = Automatic;
						TestTargetID = 9A3DC91A1E671B15005573BD;
					};
				};
			};
			buildConfigurationList = 9A3DC9161E671B15005573BD /* Build configuration list for PBXProject "PlanningBook" */;
			compatibilityVersion = "Xcode 3.2";
			developmentRegion = English;
			hasScannedForEncodings = 0;
			knownRegions = (
				en,
				Base,
			);
			mainGroup = 9A3DC9121E671B15005573BD;
			productRefGroup = 9A3DC91C1E671B15005573BD /* Products */;
			projectDirPath = "";
			projectRoot = "";
			targets = (
				9A3DC91A1E671B15005573BD /* PlanningBook */,
				9A3DC92E1E671B15005573BD /* PlanningBookTests */,
			);
		};
/* End PBXProject section */

/* Begin PBXResourcesBuildPhase section */
		9A3DC9191E671B15005573BD /* Resources */ = {
			isa = PBXResourcesBuildPhase;
			buildActionMask = 2147483647;
			files = (
				B1D6E5CC1E84450200D4739C /* CategoryCollectionViewCell.xib in Resources */,
				9A3DC9611E671EC2005573BD /* EmptyView.xib in Resources */,
				9A038C811E6CD1BD00559A1E /* HistoryTableViewCell.xib in Resources */,
				9A3DC9291E671B15005573BD /* LaunchScreen.storyboard in Resources */,
				9A3DC9261E671B15005573BD /* Assets.xcassets in Resources */,
				B184F2161E8A822D00969AC6 /* HistoryTableViewHeader.xib in Resources */,
				9A3DC9241E671B15005573BD /* Main.storyboard in Resources */,
			);
			runOnlyForDeploymentPostprocessing = 0;
		};
		9A3DC92D1E671B15005573BD /* Resources */ = {
			isa = PBXResourcesBuildPhase;
			buildActionMask = 2147483647;
			files = (
			);
			runOnlyForDeploymentPostprocessing = 0;
		};
/* End PBXResourcesBuildPhase section */

/* Begin PBXShellScriptBuildPhase section */
		33BD199EE326827069A33AD8 /* [CP] Copy Pods Resources */ = {
			isa = PBXShellScriptBuildPhase;
			buildActionMask = 2147483647;
			files = (
			);
			inputPaths = (
			);
			name = "[CP] Copy Pods Resources";
			outputPaths = (
			);
			runOnlyForDeploymentPostprocessing = 0;
			shellPath = /bin/sh;
			shellScript = "\"${SRCROOT}/Pods/Target Support Files/Pods-PlanningBook/Pods-PlanningBook-resources.sh\"\n";
			showEnvVarsInLog = 0;
		};
		659DC230B34FED5257373774 /* [CP] Check Pods Manifest.lock */ = {
			isa = PBXShellScriptBuildPhase;
			buildActionMask = 2147483647;
			files = (
			);
			inputPaths = (
			);
			name = "[CP] Check Pods Manifest.lock";
			outputPaths = (
			);
			runOnlyForDeploymentPostprocessing = 0;
			shellPath = /bin/sh;
			shellScript = "diff \"${PODS_ROOT}/../Podfile.lock\" \"${PODS_ROOT}/Manifest.lock\" > /dev/null\nif [ $? != 0 ] ; then\n    # print error to STDERR\n    echo \"error: The sandbox is not in sync with the Podfile.lock. Run 'pod install' or update your CocoaPods installation.\" >&2\n    exit 1\nfi\n";
			showEnvVarsInLog = 0;
		};
		960C2993B83AC2C43DB8CA95 /* [CP] Embed Pods Frameworks */ = {
			isa = PBXShellScriptBuildPhase;
			buildActionMask = 2147483647;
			files = (
			);
			inputPaths = (
			);
			name = "[CP] Embed Pods Frameworks";
			outputPaths = (
			);
			runOnlyForDeploymentPostprocessing = 0;
			shellPath = /bin/sh;
			shellScript = "\"${SRCROOT}/Pods/Target Support Files/Pods-PlanningBookTests/Pods-PlanningBookTests-frameworks.sh\"\n";
			showEnvVarsInLog = 0;
		};
		AE0EA02B02044D1ADB743A88 /* [CP] Embed Pods Frameworks */ = {
			isa = PBXShellScriptBuildPhase;
			buildActionMask = 2147483647;
			files = (
			);
			inputPaths = (
			);
			name = "[CP] Embed Pods Frameworks";
			outputPaths = (
			);
			runOnlyForDeploymentPostprocessing = 0;
			shellPath = /bin/sh;
			shellScript = "\"${SRCROOT}/Pods/Target Support Files/Pods-PlanningBook/Pods-PlanningBook-frameworks.sh\"\n";
			showEnvVarsInLog = 0;
		};
		D8DC592EE36285E1DECBD782 /* [CP] Check Pods Manifest.lock */ = {
			isa = PBXShellScriptBuildPhase;
			buildActionMask = 2147483647;
			files = (
			);
			inputPaths = (
			);
			name = "[CP] Check Pods Manifest.lock";
			outputPaths = (
			);
			runOnlyForDeploymentPostprocessing = 0;
			shellPath = /bin/sh;
			shellScript = "diff \"${PODS_ROOT}/../Podfile.lock\" \"${PODS_ROOT}/Manifest.lock\" > /dev/null\nif [ $? != 0 ] ; then\n    # print error to STDERR\n    echo \"error: The sandbox is not in sync with the Podfile.lock. Run 'pod install' or update your CocoaPods installation.\" >&2\n    exit 1\nfi\n";
			showEnvVarsInLog = 0;
		};
		E974860A7BF7C8819E645A4B /* [CP] Copy Pods Resources */ = {
			isa = PBXShellScriptBuildPhase;
			buildActionMask = 2147483647;
			files = (
			);
			inputPaths = (
			);
			name = "[CP] Copy Pods Resources";
			outputPaths = (
			);
			runOnlyForDeploymentPostprocessing = 0;
			shellPath = /bin/sh;
			shellScript = "\"${SRCROOT}/Pods/Target Support Files/Pods-PlanningBookTests/Pods-PlanningBookTests-resources.sh\"\n";
			showEnvVarsInLog = 0;
		};
/* End PBXShellScriptBuildPhase section */

/* Begin PBXSourcesBuildPhase section */
		9A3DC9171E671B15005573BD /* Sources */ = {
			isa = PBXSourcesBuildPhase;
			buildActionMask = 2147483647;
			files = (
				9A2D34151E74AB6200419FC1 /* RealmHistoryNotesInteracot.swift in Sources */,
				9A038C841E6CD59D00559A1E /* HistoryTableViewCellModel.swift in Sources */,
				9A3DC9641E671ED7005573BD /* EmptyViewDataSourceDelegate.swift in Sources */,
				B14B04811E82E25000346522 /* SelectCategoryViewController.swift in Sources */,
				9A038C7B1E6CA50B00559A1E /* SaveNoteInteractorProtocol.swift in Sources */,
				9A2D341D1E75908700419FC1 /* RealmResult+Paging.swift in Sources */,
				9A038C801E6CD1BD00559A1E /* HistoryTableViewCell.swift in Sources */,
				9A3DC94A1E671DDA005573BD /* TabBarControllerAssembly.swift in Sources */,
				B1D6E5E11E857F5B00D4739C /* RealmCategoryInteractorAssembly.swift in Sources */,
				B184F2111E89672D00969AC6 /* RealmHistoryNotesInteracotAssembly.swift in Sources */,
				9AA5C5C31E6B54530013C866 /* AddNoteViewController.swift in Sources */,
				B1D6E5D11E844F2B00D4739C /* Category.swift in Sources */,
				B184F20C1E89598F00969AC6 /* ViewAnimatorProtocol.swift in Sources */,
				9A19B1341E6B6F4C000229B9 /* DateTimePicker.swift in Sources */,
				9A3DC9751E678B46005573BD /* XibLoadeblView.swift in Sources */,
				B184F2181E8A823F00969AC6 /* HistoryTableViewHeader.swift in Sources */,
				B18D028A1E8D5B6D007E539F /* HistoryModuleAssembly.swift in Sources */,
				B18D02881E8D58E7007E539F /* NoteViewController.swift in Sources */,
				9A19B1331E6B6F4C000229B9 /* DateCollectionViewCell.swift in Sources */,
				9A3DC95D1E671EAB005573BD /* ReusableView.swift in Sources */,
				9A19B12F1E6B6D91000229B9 /* DatePickerViewController.swift in Sources */,
				9A038C7A1E6CA50B00559A1E /* RealmSaveNoteInteractor.swift in Sources */,
				B12AFAAF1E81882B007D432C /* SaveRealmNoteService.swift in Sources */,
				9A3DC9601E671EC2005573BD /* EmptyView.swift in Sources */,
				9A19B1421E6CA43A000229B9 /* RealmSaveNoteInteractorAssemlby.swift in Sources */,
				B181BA8B1E79A55200BAEE5D /* RefreshableView.swift in Sources */,
				B1D6E5CB1E84450200D4739C /* CategoryCollectionViewCell.swift in Sources */,
				B184F2141E89680300969AC6 /* TableViewAnimatorAssembly.swift in Sources */,
				9A2D34241E75B31800419FC1 /* TodayNotesInteractorProtocol.swift in Sources */,
				9A3DC91F1E671B15005573BD /* AppDelegate.swift in Sources */,
				9A19B1351E6B6F4C000229B9 /* StepCollectionViewFlowLayout.swift in Sources */,
				B184F2091E8952DF00969AC6 /* HistoryTableViewHeaderModel.swift in Sources */,
				B18D02961E8D5C52007E539F /* NoteViewControllerAssembly.swift in Sources */,
				9A2D34221E75B2C900419FC1 /* RealmTodayNotesInteractor.swift in Sources */,
				9A3DC95C1E671EAB005573BD /* NibOwner.swift in Sources */,
				9A3DC9721E677DC9005573BD /* EmptyTableViewDelegateAssembly.swift in Sources */,
				B1D6E5DB1E85795B00D4739C /* RealmCategoryInteractor.swift in Sources */,
				9A19B1391E6C5848000229B9 /* DatePickerViewProtocol.swift in Sources */,
				B18D02901E8D5BCB007E539F /* DatePickerModuleAssembly.swift in Sources */,
				9A3DC96F1E677C01005573BD /* StoryboardAssembly.swift in Sources */,
				B1D6E5D61E85712700D4739C /* CategoryInteractorProtocol.swift in Sources */,
				B18D028E1E8D5BA9007E539F /* CategoryPickerModuleAssembly.swift in Sources */,
				B18D02921E8D5BE8007E539F /* AddNoteModuleAssembly.swift in Sources */,
				B184F2051E89448300969AC6 /* HistoryTableViewModel.swift in Sources */,
				B1D6E5D31E844F4B00D4739C /* RealmCategory.swift in Sources */,
				9A3DC94B1E671DDA005573BD /* TabBarItemAssembly.swift in Sources */,
				9A2D34131E74AAB700419FC1 /* HistoryNotesInteracotProtocol.swift in Sources */,
				B184F21A1E8A995F00969AC6 /* TableView+VisibleHeaders.swift in Sources */,
				9A2D34191E74BA9000419FC1 /* FetchRealmNoteService.swift in Sources */,
				9A7A7E761E7374E900155FEE /* Paging.swift in Sources */,
				9A3DC9541E671E6E005573BD /* TabBarController.swift in Sources */,
				9A3DC9561E671E84005573BD /* HistoryNotesViewCotnroller.swift in Sources */,
				9A3DC96C1E671F64005573BD /* Note.swift in Sources */,
				9A3DC9581E671E8D005573BD /* TodayNoteViewController.swift in Sources */,
				B1D6E5DD1E8579A000D4739C /* FetchRealmCategoriesService.swift in Sources */,
				B1D6E5DF1E857C5200D4739C /* SaveRealmCategoryService.swift in Sources */,
				9A19B13F1E6C99AF000229B9 /* RealmNote.swift in Sources */,
				B1D6E5D91E8571EF00D4739C /* Typealiases.swift in Sources */,
				B18D028C1E8D5B8E007E539F /* TodayModuleAssembly.swift in Sources */,
				9A3DC9491E671DDA005573BD /* ControllersForTabBarAssembly.swift in Sources */,
				B184F20E1E895A5100969AC6 /* TableViewBottomBounceAnimator.swift in Sources */,
				B1D6E5CE1E84490B00D4739C /* CategoryCollectionViewCellModel.swift in Sources */,
				9A3DC9681E671F43005573BD /* TableView+Register.swift in Sources */,
			);
			runOnlyForDeploymentPostprocessing = 0;
		};
		9A3DC92B1E671B15005573BD /* Sources */ = {
			isa = PBXSourcesBuildPhase;
			buildActionMask = 2147483647;
			files = (
				9A2D341B1E74BC6B00419FC1 /* FetchRealmNoteServiceTest.swift in Sources */,
				9A2D341F1E759AFF00419FC1 /* RealmResult+PagingTest.swift in Sources */,
			);
			runOnlyForDeploymentPostprocessing = 0;
		};
/* End PBXSourcesBuildPhase section */

/* Begin PBXTargetDependency section */
		9A3DC9311E671B15005573BD /* PBXTargetDependency */ = {
			isa = PBXTargetDependency;
			target = 9A3DC91A1E671B15005573BD /* PlanningBook */;
			targetProxy = 9A3DC9301E671B15005573BD /* PBXContainerItemProxy */;
		};
/* End PBXTargetDependency section */

/* Begin PBXVariantGroup section */
		9A3DC9221E671B15005573BD /* Main.storyboard */ = {
			isa = PBXVariantGroup;
			children = (
				9A3DC9231E671B15005573BD /* Base */,
			);
			name = Main.storyboard;
			sourceTree = "<group>";
		};
		9A3DC9271E671B15005573BD /* LaunchScreen.storyboard */ = {
			isa = PBXVariantGroup;
			children = (
				9A3DC9281E671B15005573BD /* Base */,
			);
			name = LaunchScreen.storyboard;
			sourceTree = "<group>";
		};
/* End PBXVariantGroup section */

/* Begin XCBuildConfiguration section */
		9A3DC9361E671B15005573BD /* Debug */ = {
			isa = XCBuildConfiguration;
			buildSettings = {
				ALWAYS_SEARCH_USER_PATHS = NO;
				CLANG_ANALYZER_NONNULL = YES;
				CLANG_CXX_LANGUAGE_STANDARD = "gnu++0x";
				CLANG_CXX_LIBRARY = "libc++";
				CLANG_ENABLE_MODULES = YES;
				CLANG_ENABLE_OBJC_ARC = YES;
				CLANG_WARN_BOOL_CONVERSION = YES;
				CLANG_WARN_CONSTANT_CONVERSION = YES;
				CLANG_WARN_DIRECT_OBJC_ISA_USAGE = YES_ERROR;
				CLANG_WARN_DOCUMENTATION_COMMENTS = YES;
				CLANG_WARN_EMPTY_BODY = YES;
				CLANG_WARN_ENUM_CONVERSION = YES;
				CLANG_WARN_INFINITE_RECURSION = YES;
				CLANG_WARN_INT_CONVERSION = YES;
				CLANG_WARN_OBJC_ROOT_CLASS = YES_ERROR;
				CLANG_WARN_SUSPICIOUS_MOVE = YES;
				CLANG_WARN_UNREACHABLE_CODE = YES;
				CLANG_WARN__DUPLICATE_METHOD_MATCH = YES;
				"CODE_SIGN_IDENTITY[sdk=iphoneos*]" = "iPhone Developer";
				COPY_PHASE_STRIP = NO;
				DEBUG_INFORMATION_FORMAT = dwarf;
				ENABLE_STRICT_OBJC_MSGSEND = YES;
				ENABLE_TESTABILITY = YES;
				GCC_C_LANGUAGE_STANDARD = gnu99;
				GCC_DYNAMIC_NO_PIC = NO;
				GCC_NO_COMMON_BLOCKS = YES;
				GCC_OPTIMIZATION_LEVEL = 0;
				GCC_PREPROCESSOR_DEFINITIONS = (
					"DEBUG=1",
					"$(inherited)",
				);
				GCC_WARN_64_TO_32_BIT_CONVERSION = YES;
				GCC_WARN_ABOUT_RETURN_TYPE = YES_ERROR;
				GCC_WARN_UNDECLARED_SELECTOR = YES;
				GCC_WARN_UNINITIALIZED_AUTOS = YES_AGGRESSIVE;
				GCC_WARN_UNUSED_FUNCTION = YES;
				GCC_WARN_UNUSED_VARIABLE = YES;
				IPHONEOS_DEPLOYMENT_TARGET = 10.2;
				MTL_ENABLE_DEBUG_INFO = YES;
				ONLY_ACTIVE_ARCH = YES;
				SDKROOT = iphoneos;
				SWIFT_ACTIVE_COMPILATION_CONDITIONS = DEBUG;
				SWIFT_OPTIMIZATION_LEVEL = "-Onone";
			};
			name = Debug;
		};
		9A3DC9371E671B15005573BD /* Release */ = {
			isa = XCBuildConfiguration;
			buildSettings = {
				ALWAYS_SEARCH_USER_PATHS = NO;
				CLANG_ANALYZER_NONNULL = YES;
				CLANG_CXX_LANGUAGE_STANDARD = "gnu++0x";
				CLANG_CXX_LIBRARY = "libc++";
				CLANG_ENABLE_MODULES = YES;
				CLANG_ENABLE_OBJC_ARC = YES;
				CLANG_WARN_BOOL_CONVERSION = YES;
				CLANG_WARN_CONSTANT_CONVERSION = YES;
				CLANG_WARN_DIRECT_OBJC_ISA_USAGE = YES_ERROR;
				CLANG_WARN_DOCUMENTATION_COMMENTS = YES;
				CLANG_WARN_EMPTY_BODY = YES;
				CLANG_WARN_ENUM_CONVERSION = YES;
				CLANG_WARN_INFINITE_RECURSION = YES;
				CLANG_WARN_INT_CONVERSION = YES;
				CLANG_WARN_OBJC_ROOT_CLASS = YES_ERROR;
				CLANG_WARN_SUSPICIOUS_MOVE = YES;
				CLANG_WARN_UNREACHABLE_CODE = YES;
				CLANG_WARN__DUPLICATE_METHOD_MATCH = YES;
				"CODE_SIGN_IDENTITY[sdk=iphoneos*]" = "iPhone Developer";
				COPY_PHASE_STRIP = NO;
				DEBUG_INFORMATION_FORMAT = "dwarf-with-dsym";
				ENABLE_NS_ASSERTIONS = NO;
				ENABLE_STRICT_OBJC_MSGSEND = YES;
				GCC_C_LANGUAGE_STANDARD = gnu99;
				GCC_NO_COMMON_BLOCKS = YES;
				GCC_WARN_64_TO_32_BIT_CONVERSION = YES;
				GCC_WARN_ABOUT_RETURN_TYPE = YES_ERROR;
				GCC_WARN_UNDECLARED_SELECTOR = YES;
				GCC_WARN_UNINITIALIZED_AUTOS = YES_AGGRESSIVE;
				GCC_WARN_UNUSED_FUNCTION = YES;
				GCC_WARN_UNUSED_VARIABLE = YES;
				IPHONEOS_DEPLOYMENT_TARGET = 10.2;
				MTL_ENABLE_DEBUG_INFO = NO;
				SDKROOT = iphoneos;
				SWIFT_OPTIMIZATION_LEVEL = "-Owholemodule";
				VALIDATE_PRODUCT = YES;
			};
			name = Release;
		};
		9A3DC9391E671B15005573BD /* Debug */ = {
			isa = XCBuildConfiguration;
			baseConfigurationReference = E7BDE9773F85116A57D9435E /* Pods-PlanningBook.debug.xcconfig */;
			buildSettings = {
				ASSETCATALOG_COMPILER_APPICON_NAME = AppIcon;
				DEVELOPMENT_TEAM = 96YMJQ87Y2;
				INFOPLIST_FILE = PlanningBook/Info.plist;
				IPHONEOS_DEPLOYMENT_TARGET = 9.0;
				LD_RUNPATH_SEARCH_PATHS = "$(inherited) @executable_path/Frameworks";
				PRODUCT_BUNDLE_IDENTIFIER = "ddi-dev.PlanningBook";
				PRODUCT_NAME = "$(TARGET_NAME)";
				SWIFT_VERSION = 3.0;
			};
			name = Debug;
		};
		9A3DC93A1E671B15005573BD /* Release */ = {
			isa = XCBuildConfiguration;
			baseConfigurationReference = 1536CFFEE0F72875669FD01D /* Pods-PlanningBook.release.xcconfig */;
			buildSettings = {
				ASSETCATALOG_COMPILER_APPICON_NAME = AppIcon;
				DEVELOPMENT_TEAM = 96YMJQ87Y2;
				INFOPLIST_FILE = PlanningBook/Info.plist;
				IPHONEOS_DEPLOYMENT_TARGET = 9.0;
				LD_RUNPATH_SEARCH_PATHS = "$(inherited) @executable_path/Frameworks";
				PRODUCT_BUNDLE_IDENTIFIER = "ddi-dev.PlanningBook";
				PRODUCT_NAME = "$(TARGET_NAME)";
				SWIFT_VERSION = 3.0;
			};
			name = Release;
		};
		9A3DC93C1E671B15005573BD /* Debug */ = {
			isa = XCBuildConfiguration;
			baseConfigurationReference = F4D4521A648209758BE76BE8 /* Pods-PlanningBookTests.debug.xcconfig */;
			buildSettings = {
				ALWAYS_EMBED_SWIFT_STANDARD_LIBRARIES = YES;
				BUNDLE_LOADER = "$(TEST_HOST)";
				DEVELOPMENT_TEAM = 96YMJQ87Y2;
				INFOPLIST_FILE = PlanningBookTests/Info.plist;
				LD_RUNPATH_SEARCH_PATHS = "$(inherited) @executable_path/Frameworks @loader_path/Frameworks";
				PRODUCT_BUNDLE_IDENTIFIER = "ddi-dev.PlanningBookTests";
				PRODUCT_NAME = "$(TARGET_NAME)";
				SWIFT_VERSION = 3.0;
				TEST_HOST = "$(BUILT_PRODUCTS_DIR)/PlanningBook.app/PlanningBook";
			};
			name = Debug;
		};
		9A3DC93D1E671B15005573BD /* Release */ = {
			isa = XCBuildConfiguration;
			baseConfigurationReference = 7E36AD991DCFC27BDDF1E101 /* Pods-PlanningBookTests.release.xcconfig */;
			buildSettings = {
				ALWAYS_EMBED_SWIFT_STANDARD_LIBRARIES = YES;
				BUNDLE_LOADER = "$(TEST_HOST)";
				DEVELOPMENT_TEAM = 96YMJQ87Y2;
				INFOPLIST_FILE = PlanningBookTests/Info.plist;
				LD_RUNPATH_SEARCH_PATHS = "$(inherited) @executable_path/Frameworks @loader_path/Frameworks";
				PRODUCT_BUNDLE_IDENTIFIER = "ddi-dev.PlanningBookTests";
				PRODUCT_NAME = "$(TARGET_NAME)";
				SWIFT_VERSION = 3.0;
				TEST_HOST = "$(BUILT_PRODUCTS_DIR)/PlanningBook.app/PlanningBook";
			};
			name = Release;
		};
/* End XCBuildConfiguration section */

/* Begin XCConfigurationList section */
		9A3DC9161E671B15005573BD /* Build configuration list for PBXProject "PlanningBook" */ = {
			isa = XCConfigurationList;
			buildConfigurations = (
				9A3DC9361E671B15005573BD /* Debug */,
				9A3DC9371E671B15005573BD /* Release */,
			);
			defaultConfigurationIsVisible = 0;
			defaultConfigurationName = Release;
		};
		9A3DC9381E671B15005573BD /* Build configuration list for PBXNativeTarget "PlanningBook" */ = {
			isa = XCConfigurationList;
			buildConfigurations = (
				9A3DC9391E671B15005573BD /* Debug */,
				9A3DC93A1E671B15005573BD /* Release */,
			);
			defaultConfigurationIsVisible = 0;
			defaultConfigurationName = Release;
		};
		9A3DC93B1E671B15005573BD /* Build configuration list for PBXNativeTarget "PlanningBookTests" */ = {
			isa = XCConfigurationList;
			buildConfigurations = (
				9A3DC93C1E671B15005573BD /* Debug */,
				9A3DC93D1E671B15005573BD /* Release */,
			);
			defaultConfigurationIsVisible = 0;
			defaultConfigurationName = Release;
		};
/* End XCConfigurationList section */
	};
	rootObject = 9A3DC9131E671B15005573BD /* Project object */;
}
